
Microsoft Visual Studio Solution File, Format Version 12.00
# Visual Studio Version 16
VisualStudioVersion = 16.0.31410.357
MinimumVisualStudioVersion = 10.0.40219.1
Project("{2150E333-8FDC-42A3-9474-1A3956D46DE8}") = "applications", "applications", "{E037B46E-527B-4B35-8AEB-5D6457EE7C48}"
EndProject
Project("{2150E333-8FDC-42A3-9474-1A3956D46DE8}") = "gateways", "gateways", "{DDA0550C-93EF-4393-9C62-1F6F75DC271A}"
EndProject
Project("{2150E333-8FDC-42A3-9474-1A3956D46DE8}") = "microservices", "microservices", "{62619AC5-AC67-472E-8FE7-B084F296BAE9}"
EndProject
Project("{2150E333-8FDC-42A3-9474-1A3956D46DE8}") = "modules", "modules", "{40B19345-0ED9-4913-BA85-58817F744071}"
EndProject
Project("{9A19103F-16F7-4668-BE54-9A1E7A4F7556}") = "InternalGateway.Host", "gateways\InternalGateway.Host\InternalGateway.Host.csproj", "{D4B76EC6-6E90-4FBE-90C9-9BDEA11AB3C6}"
EndProject
Project("{9A19103F-16F7-4668-BE54-9A1E7A4F7556}") = "BackendAdminAppGateway.Host", "gateways\BackendAdminAppGateway.Host\BackendAdminAppGateway.Host.csproj", "{83BB2E3E-4527-4CAC-B1F2-CFE6373C9AB7}"
EndProject
Project("{9A19103F-16F7-4668-BE54-9A1E7A4F7556}") = "ModelingService.Host", "microservices\ModelingService.Host\ModelingService.Host.csproj", "{CEF4E168-221A-49CE-A000-F494A68B0F18}"
EndProject
Project("{9A19103F-16F7-4668-BE54-9A1E7A4F7556}") = "IdentityService.Host", "microservices\IdentityService.Host\IdentityService.Host.csproj", "{F6B1CE62-3B63-4F1F-950D-1C54C4E0D05D}"
EndProject
Project("{9A19103F-16F7-4668-BE54-9A1E7A4F7556}") = "AuthServer.Host", "applications\AuthServer.Host\AuthServer.Host.csproj", "{267C4716-F09B-498A-B653-1C38A31A3671}"
EndProject
Project("{2150E333-8FDC-42A3-9474-1A3956D46DE8}") = "em", "em", "{C9D2899A-61E9-4E78-9BA7-1FA5F00D5C9E}"
EndProject
Project("{2150E333-8FDC-42A3-9474-1A3956D46DE8}") = "src", "src", "{96AEFFB9-55A2-429E-9719-A2A9840AFACB}"
EndProject
Project("{2150E333-8FDC-42A3-9474-1A3956D46DE8}") = "test", "test", "{1F77ACC8-0CDF-4396-BC6A-44BCBA196270}"
EndProject
Project("{9A19103F-16F7-4668-BE54-9A1E7A4F7556}") = "EMService.Application", "modules\em\src\EMService.Application\EMService.Application.csproj", "{F3F2B9FE-1123-4FB9-8741-6EFD11061A2D}"
EndProject
Project("{9A19103F-16F7-4668-BE54-9A1E7A4F7556}") = "EMService.DbMigrator", "modules\em\src\EMService.DbMigrator\EMService.DbMigrator.csproj", "{B1A8D0CF-6C68-411C-8FF2-12F19DC3ABBB}"
EndProject
Project("{9A19103F-16F7-4668-BE54-9A1E7A4F7556}") = "EMService.Domain", "modules\em\src\EMService.Domain\EMService.Domain.csproj", "{60BCD705-9707-49ED-9735-1C787CC442A7}"
EndProject
Project("{9A19103F-16F7-4668-BE54-9A1E7A4F7556}") = "EMService.Domain.Shared", "modules\em\src\EMService.Domain.Shared\EMService.Domain.Shared.csproj", "{F4C8F72F-DEBC-4B04-B8BD-1627696E8C6B}"
EndProject
Project("{9A19103F-16F7-4668-BE54-9A1E7A4F7556}") = "EMService.EntityFrameworkCore", "modules\em\src\EMService.EntityFrameworkCore\EMService.EntityFrameworkCore.csproj", "{40255A40-5596-4F59-BE06-CEDFC858C4AB}"
EndProject
Project("{9A19103F-16F7-4668-BE54-9A1E7A4F7556}") = "EMService.EntityFrameworkCore.DbMigrations", "modules\em\src\EMService.EntityFrameworkCore.DbMigrations\EMService.EntityFrameworkCore.DbMigrations.csproj", "{6F607E9E-9E3A-4F03-9C1C-EA85454748B7}"
EndProject
Project("{9A19103F-16F7-4668-BE54-9A1E7A4F7556}") = "EMService.HttpApi", "modules\em\src\EMService.HttpApi\EMService.HttpApi.csproj", "{4F131A6C-7FF7-4B40-B371-19FF6ECB4268}"
EndProject
Project("{9A19103F-16F7-4668-BE54-9A1E7A4F7556}") = "EMService.Host", "microservices\EMService.Host\EMService.Host.csproj", "{EC0FF542-A13D-4EA5-82F2-94C7B055CF84}"
EndProject
Project("{9A19103F-16F7-4668-BE54-9A1E7A4F7556}") = "EMService.Core", "modules\em\src\EMService.Core\EMService.Core.csproj", "{697F2596-0241-4B37-AA28-AA8DCDBE9AFE}"
EndProject
Project("{9A19103F-16F7-4668-BE54-9A1E7A4F7556}") = "EMService.HttpApi.Client", "modules\em\src\EMService.HttpApi.Client\EMService.HttpApi.Client.csproj", "{6F4911C5-80CD-44E1-A9BB-6C6BCAB709FA}"
EndProject
Project("{9A19103F-16F7-4668-BE54-9A1E7A4F7556}") = "EMService.Application.Contracts", "modules\em\src\EMService.Application.Contracts\EMService.Application.Contracts.csproj", "{B06E4D58-30C6-4E97-8E0A-01980CD8DCE1}"
EndProject
Global
	GlobalSection(SolutionConfigurationPlatforms) = preSolution
		Debug|Any CPU = Debug|Any CPU
		Release|Any CPU = Release|Any CPU
	EndGlobalSection
	GlobalSection(ProjectConfigurationPlatforms) = postSolution
		{D4B76EC6-6E90-4FBE-90C9-9BDEA11AB3C6}.Debug|Any CPU.ActiveCfg = Debug|Any CPU
		{D4B76EC6-6E90-4FBE-90C9-9BDEA11AB3C6}.Debug|Any CPU.Build.0 = Debug|Any CPU
		{D4B76EC6-6E90-4FBE-90C9-9BDEA11AB3C6}.Release|Any CPU.ActiveCfg = Release|Any CPU
		{D4B76EC6-6E90-4FBE-90C9-9BDEA11AB3C6}.Release|Any CPU.Build.0 = Release|Any CPU
		{83BB2E3E-4527-4CAC-B1F2-CFE6373C9AB7}.Debug|Any CPU.ActiveCfg = Debug|Any CPU
		{83BB2E3E-4527-4CAC-B1F2-CFE6373C9AB7}.Debug|Any CPU.Build.0 = Debug|Any CPU
		{83BB2E3E-4527-4CAC-B1F2-CFE6373C9AB7}.Release|Any CPU.ActiveCfg = Release|Any CPU
		{83BB2E3E-4527-4CAC-B1F2-CFE6373C9AB7}.Release|Any CPU.Build.0 = Release|Any CPU
		{CEF4E168-221A-49CE-A000-F494A68B0F18}.Debug|Any CPU.ActiveCfg = Debug|Any CPU
		{CEF4E168-221A-49CE-A000-F494A68B0F18}.Debug|Any CPU.Build.0 = Debug|Any CPU
		{CEF4E168-221A-49CE-A000-F494A68B0F18}.Release|Any CPU.ActiveCfg = Release|Any CPU
		{CEF4E168-221A-49CE-A000-F494A68B0F18}.Release|Any CPU.Build.0 = Release|Any CPU
		{F6B1CE62-3B63-4F1F-950D-1C54C4E0D05D}.Debug|Any CPU.ActiveCfg = Debug|Any CPU
		{F6B1CE62-3B63-4F1F-950D-1C54C4E0D05D}.Debug|Any CPU.Build.0 = Debug|Any CPU
		{F6B1CE62-3B63-4F1F-950D-1C54C4E0D05D}.Release|Any CPU.ActiveCfg = Release|Any CPU
		{F6B1CE62-3B63-4F1F-950D-1C54C4E0D05D}.Release|Any CPU.Build.0 = Release|Any CPU
		{267C4716-F09B-498A-B653-1C38A31A3671}.Debug|Any CPU.ActiveCfg = Debug|Any CPU
		{267C4716-F09B-498A-B653-1C38A31A3671}.Debug|Any CPU.Build.0 = Debug|Any CPU
		{267C4716-F09B-498A-B653-1C38A31A3671}.Release|Any CPU.ActiveCfg = Release|Any CPU
		{267C4716-F09B-498A-B653-1C38A31A3671}.Release|Any CPU.Build.0 = Release|Any CPU
		{F3F2B9FE-1123-4FB9-8741-6EFD11061A2D}.Debug|Any CPU.ActiveCfg = Debug|Any CPU
		{F3F2B9FE-1123-4FB9-8741-6EFD11061A2D}.Debug|Any CPU.Build.0 = Debug|Any CPU
		{F3F2B9FE-1123-4FB9-8741-6EFD11061A2D}.Release|Any CPU.ActiveCfg = Release|Any CPU
		{F3F2B9FE-1123-4FB9-8741-6EFD11061A2D}.Release|Any CPU.Build.0 = Release|Any CPU
		{B1A8D0CF-6C68-411C-8FF2-12F19DC3ABBB}.Debug|Any CPU.ActiveCfg = Debug|Any CPU
		{B1A8D0CF-6C68-411C-8FF2-12F19DC3ABBB}.Debug|Any CPU.Build.0 = Debug|Any CPU
		{B1A8D0CF-6C68-411C-8FF2-12F19DC3ABBB}.Release|Any CPU.ActiveCfg = Release|Any CPU
		{B1A8D0CF-6C68-411C-8FF2-12F19DC3ABBB}.Release|Any CPU.Build.0 = Release|Any CPU
		{60BCD705-9707-49ED-9735-1C787CC442A7}.Debug|Any CPU.ActiveCfg = Debug|Any CPU
		{60BCD705-9707-49ED-9735-1C787CC442A7}.Debug|Any CPU.Build.0 = Debug|Any CPU
		{60BCD705-9707-49ED-9735-1C787CC442A7}.Release|Any CPU.ActiveCfg = Release|Any CPU
		{60BCD705-9707-49ED-9735-1C787CC442A7}.Release|Any CPU.Build.0 = Release|Any CPU
		{F4C8F72F-DEBC-4B04-B8BD-1627696E8C6B}.Debug|Any CPU.ActiveCfg = Debug|Any CPU
		{F4C8F72F-DEBC-4B04-B8BD-1627696E8C6B}.Debug|Any CPU.Build.0 = Debug|Any CPU
		{F4C8F72F-DEBC-4B04-B8BD-1627696E8C6B}.Release|Any CPU.ActiveCfg = Release|Any CPU
		{F4C8F72F-DEBC-4B04-B8BD-1627696E8C6B}.Release|Any CPU.Build.0 = Release|Any CPU
		{40255A40-5596-4F59-BE06-CEDFC858C4AB}.Debug|Any CPU.ActiveCfg = Debug|Any CPU
		{40255A40-5596-4F59-BE06-CEDFC858C4AB}.Debug|Any CPU.Build.0 = Debug|Any CPU
		{40255A40-5596-4F59-BE06-CEDFC858C4AB}.Release|Any CPU.ActiveCfg = Release|Any CPU
		{40255A40-5596-4F59-BE06-CEDFC858C4AB}.Release|Any CPU.Build.0 = Release|Any CPU
		{6F607E9E-9E3A-4F03-9C1C-EA85454748B7}.Debug|Any CPU.ActiveCfg = Debug|Any CPU
		{6F607E9E-9E3A-4F03-9C1C-EA85454748B7}.Debug|Any CPU.Build.0 = Debug|Any CPU
		{6F607E9E-9E3A-4F03-9C1C-EA85454748B7}.Release|Any CPU.ActiveCfg = Release|Any CPU
		{6F607E9E-9E3A-4F03-9C1C-EA85454748B7}.Release|Any CPU.Build.0 = Release|Any CPU
		{4F131A6C-7FF7-4B40-B371-19FF6ECB4268}.Debug|Any CPU.ActiveCfg = Debug|Any CPU
		{4F131A6C-7FF7-4B40-B371-19FF6ECB4268}.Debug|Any CPU.Build.0 = Debug|Any CPU
		{4F131A6C-7FF7-4B40-B371-19FF6ECB4268}.Release|Any CPU.ActiveCfg = Release|Any CPU
		{4F131A6C-7FF7-4B40-B371-19FF6ECB4268}.Release|Any CPU.Build.0 = Release|Any CPU
		{EC0FF542-A13D-4EA5-82F2-94C7B055CF84}.Debug|Any CPU.ActiveCfg = Debug|Any CPU
		{EC0FF542-A13D-4EA5-82F2-94C7B055CF84}.Debug|Any CPU.Build.0 = Debug|Any CPU
		{EC0FF542-A13D-4EA5-82F2-94C7B055CF84}.Release|Any CPU.ActiveCfg = Release|Any CPU
		{EC0FF542-A13D-4EA5-82F2-94C7B055CF84}.Release|Any CPU.Build.0 = Release|Any CPU
		{697F2596-0241-4B37-AA28-AA8DCDBE9AFE}.Debug|Any CPU.ActiveCfg = Debug|Any CPU
		{697F2596-0241-4B37-AA28-AA8DCDBE9AFE}.Debug|Any CPU.Build.0 = Debug|Any CPU
		{697F2596-0241-4B37-AA28-AA8DCDBE9AFE}.Release|Any CPU.ActiveCfg = Release|Any CPU
		{697F2596-0241-4B37-AA28-AA8DCDBE9AFE}.Release|Any CPU.Build.0 = Release|Any CPU
		{6F4911C5-80CD-44E1-A9BB-6C6BCAB709FA}.Debug|Any CPU.ActiveCfg = Debug|Any CPU
		{6F4911C5-80CD-44E1-A9BB-6C6BCAB709FA}.Debug|Any CPU.Build.0 = Debug|Any CPU
		{6F4911C5-80CD-44E1-A9BB-6C6BCAB709FA}.Release|Any CPU.ActiveCfg = Release|Any CPU
		{6F4911C5-80CD-44E1-A9BB-6C6BCAB709FA}.Release|Any CPU.Build.0 = Release|Any CPU
		{B06E4D58-30C6-4E97-8E0A-01980CD8DCE1}.Debug|Any CPU.ActiveCfg = Debug|Any CPU
		{B06E4D58-30C6-4E97-8E0A-01980CD8DCE1}.Debug|Any CPU.Build.0 = Debug|Any CPU
		{B06E4D58-30C6-4E97-8E0A-01980CD8DCE1}.Release|Any CPU.ActiveCfg = Release|Any CPU
		{B06E4D58-30C6-4E97-8E0A-01980CD8DCE1}.Release|Any CPU.Build.0 = Release|Any CPU
	EndGlobalSection
	GlobalSection(SolutionProperties) = preSolution
		HideSolutionNode = FALSE
	EndGlobalSection
	GlobalSection(NestedProjects) = preSolution
		{D4B76EC6-6E90-4FBE-90C9-9BDEA11AB3C6} = {DDA0550C-93EF-4393-9C62-1F6F75DC271A}
		{83BB2E3E-4527-4CAC-B1F2-CFE6373C9AB7} = {DDA0550C-93EF-4393-9C62-1F6F75DC271A}
		{CEF4E168-221A-49CE-A000-F494A68B0F18} = {62619AC5-AC67-472E-8FE7-B084F296BAE9}
		{F6B1CE62-3B63-4F1F-950D-1C54C4E0D05D} = {62619AC5-AC67-472E-8FE7-B084F296BAE9}
		{267C4716-F09B-498A-B653-1C38A31A3671} = {E037B46E-527B-4B35-8AEB-5D6457EE7C48}
		{C9D2899A-61E9-4E78-9BA7-1FA5F00D5C9E} = {40B19345-0ED9-4913-BA85-58817F744071}
		{96AEFFB9-55A2-429E-9719-A2A9840AFACB} = {C9D2899A-61E9-4E78-9BA7-1FA5F00D5C9E}
		{1F77ACC8-0CDF-4396-BC6A-44BCBA196270} = {C9D2899A-61E9-4E78-9BA7-1FA5F00D5C9E}
		{F3F2B9FE-1123-4FB9-8741-6EFD11061A2D} = {96AEFFB9-55A2-429E-9719-A2A9840AFACB}
		{B1A8D0CF-6C68-411C-8FF2-12F19DC3ABBB} = {96AEFFB9-55A2-429E-9719-A2A9840AFACB}
		{60BCD705-9707-49ED-9735-1C787CC442A7} = {96AEFFB9-55A2-429E-9719-A2A9840AFACB}
		{F4C8F72F-DEBC-4B04-B8BD-1627696E8C6B} = {96AEFFB9-55A2-429E-9719-A2A9840AFACB}
		{40255A40-5596-4F59-BE06-CEDFC858C4AB} = {96AEFFB9-55A2-429E-9719-A2A9840AFACB}
		{6F607E9E-9E3A-4F03-9C1C-EA85454748B7} = {96AEFFB9-55A2-429E-9719-A2A9840AFACB}
		{4F131A6C-7FF7-4B40-B371-19FF6ECB4268} = {96AEFFB9-55A2-429E-9719-A2A9840AFACB}
		{EC0FF542-A13D-4EA5-82F2-94C7B055CF84} = {62619AC5-AC67-472E-8FE7-B084F296BAE9}
		{697F2596-0241-4B37-AA28-AA8DCDBE9AFE} = {96AEFFB9-55A2-429E-9719-A2A9840AFACB}
		{6F4911C5-80CD-44E1-A9BB-6C6BCAB709FA} = {96AEFFB9-55A2-429E-9719-A2A9840AFACB}
		{B06E4D58-30C6-4E97-8E0A-01980CD8DCE1} = {96AEFFB9-55A2-429E-9719-A2A9840AFACB}
	EndGlobalSection
	GlobalSection(ExtensibilityGlobals) = postSolution
		SolutionGuid = {41B0E2A7-6FC5-4BF7-BA8E-BF32FAACA60D}
	EndGlobalSection
EndGlobal
